
Microsoft Visual Studio Solution File, Format Version 12.00
# Visual Studio Version 17
VisualStudioVersion = 17.0.31919.166
MinimumVisualStudioVersion = 10.0.40219.1
Project("{9A19103F-16F7-4668-BE54-9A1E7A4F7556}") = "TreeApp.Web", "TreeApp.Web\TreeApp.Web.csproj", "{4A22F33A-7AFE-4FFE-8787-3ADCED5066D0}"
EndProject
Project("{FAE04EC0-301F-11D3-BF4B-00C04F79EFBC}") = "TreeApp.Entities", "TreeApp.Entities\TreeApp.Entities.csproj", "{6F318AE0-E2B6-4F25-8B13-A7DAEB213936}"
EndProject
Project("{FAE04EC0-301F-11D3-BF4B-00C04F79EFBC}") = "TreeApp.Utils", "TreeApp.Utils\TreeApp.Utils.csproj", "{AA507D43-62A7-4861-ABC0-079CB6E40550}"
EndProject
Global
	GlobalSection(SolutionConfigurationPlatforms) = preSolution
		Debug|Any CPU = Debug|Any CPU
		Release|Any CPU = Release|Any CPU
	EndGlobalSection
	GlobalSection(ProjectConfigurationPlatforms) = postSolution
		{4A22F33A-7AFE-4FFE-8787-3ADCED5066D0}.Debug|Any CPU.ActiveCfg = Debug|Any CPU
		{4A22F33A-7AFE-4FFE-8787-3ADCED5066D0}.Debug|Any CPU.Build.0 = Debug|Any CPU
		{4A22F33A-7AFE-4FFE-8787-3ADCED5066D0}.Release|Any CPU.ActiveCfg = Release|Any CPU
		{4A22F33A-7AFE-4FFE-8787-3ADCED5066D0}.Release|Any CPU.Build.0 = Release|Any CPU
		{6F318AE0-E2B6-4F25-8B13-A7DAEB213936}.Debug|Any CPU.ActiveCfg = Debug|Any CPU
		{6F318AE0-E2B6-4F25-8B13-A7DAEB213936}.Debug|Any CPU.Build.0 = Debug|Any CPU
		{6F318AE0-E2B6-4F25-8B13-A7DAEB213936}.Release|Any CPU.ActiveCfg = Release|Any CPU
		{6F318AE0-E2B6-4F25-8B13-A7DAEB213936}.Release|Any CPU.Build.0 = Release|Any CPU
		{AA507D43-62A7-4861-ABC0-079CB6E40550}.Debug|Any CPU.ActiveCfg = Debug|Any CPU
		{AA507D43-62A7-4861-ABC0-079CB6E40550}.Debug|Any CPU.Build.0 = Debug|Any CPU
		{AA507D43-62A7-4861-ABC0-079CB6E40550}.Release|Any CPU.ActiveCfg = Release|Any CPU
		{AA507D43-62A7-4861-ABC0-079CB6E40550}.Release|Any CPU.Build.0 = Release|Any CPU
	EndGlobalSection
	GlobalSection(SolutionProperties) = preSolution
		HideSolutionNode = FALSE
	EndGlobalSection
	GlobalSection(ExtensibilityGlobals) = postSolution
		SolutionGuid = {1F423B37-3AC0-45E3-A9C7-5546B1F02B9C}
	EndGlobalSection
EndGlobal
