
Microsoft Visual Studio Solution File, Format Version 12.00
# Visual Studio Version 17
VisualStudioVersion = 17.0.31919.166
MinimumVisualStudioVersion = 10.0.40219.1
Project("{9A19103F-16F7-4668-BE54-9A1E7A4F7556}") = "TreeApp.Entities", "TreeApp.Entities\TreeApp.Entities.csproj", "{6F318AE0-E2B6-4F25-8B13-A7DAEB213936}"
EndProject
Project("{9A19103F-16F7-4668-BE54-9A1E7A4F7556}") = "TreeApp.Utils", "TreeApp.Utils\TreeApp.Utils.csproj", "{AA507D43-62A7-4861-ABC0-079CB6E40550}"
EndProject
Project("{9A19103F-16F7-4668-BE54-9A1E7A4F7556}") = "TreeApp.Core", "TreeApp.Core\TreeApp.Core.csproj", "{F4E79253-134A-4DC5-9767-7F1CE758768E}"
EndProject
Project("{9A19103F-16F7-4668-BE54-9A1E7A4F7556}") = "TreeApp.Core.Tests", "TreeApp.Core.Tests\TreeApp.Core.Tests.csproj", "{FB902CC0-DB0B-4ECA-897A-2A342418A12E}"
EndProject
Project("{9A19103F-16F7-4668-BE54-9A1E7A4F7556}") = "TreeApp.DesktopApp", "TreeApp.DesktopApp\TreeApp.DesktopApp.csproj", "{C92EDD73-52BC-402F-8715-D544C3436D2E}"
EndProject
Project("{9A19103F-16F7-4668-BE54-9A1E7A4F7556}") = "TreeApp.Web", "TreeApp.Web\TreeApp.Web.csproj", "{7632ADAD-D3C7-4642-933D-0AF42EBFD310}"
EndProject
Project("{9A19103F-16F7-4668-BE54-9A1E7A4F7556}") = "TreeApp.ApplicationServices", "TreeApp.ApplicationServices\TreeApp.ApplicationServices.csproj", "{34FD11AA-CB3C-426E-9E73-5A2C3532845A}"
EndProject
Global
	GlobalSection(SolutionConfigurationPlatforms) = preSolution
		Debug|Any CPU = Debug|Any CPU
		Release|Any CPU = Release|Any CPU
	EndGlobalSection
	GlobalSection(ProjectConfigurationPlatforms) = postSolution
		{6F318AE0-E2B6-4F25-8B13-A7DAEB213936}.Debug|Any CPU.ActiveCfg = Debug|Any CPU
		{6F318AE0-E2B6-4F25-8B13-A7DAEB213936}.Debug|Any CPU.Build.0 = Debug|Any CPU
		{6F318AE0-E2B6-4F25-8B13-A7DAEB213936}.Release|Any CPU.ActiveCfg = Release|Any CPU
		{6F318AE0-E2B6-4F25-8B13-A7DAEB213936}.Release|Any CPU.Build.0 = Release|Any CPU
		{AA507D43-62A7-4861-ABC0-079CB6E40550}.Debug|Any CPU.ActiveCfg = Debug|Any CPU
		{AA507D43-62A7-4861-ABC0-079CB6E40550}.Debug|Any CPU.Build.0 = Debug|Any CPU
		{AA507D43-62A7-4861-ABC0-079CB6E40550}.Release|Any CPU.ActiveCfg = Release|Any CPU
		{AA507D43-62A7-4861-ABC0-079CB6E40550}.Release|Any CPU.Build.0 = Release|Any CPU
		{F4E79253-134A-4DC5-9767-7F1CE758768E}.Debug|Any CPU.ActiveCfg = Debug|Any CPU
		{F4E79253-134A-4DC5-9767-7F1CE758768E}.Debug|Any CPU.Build.0 = Debug|Any CPU
		{F4E79253-134A-4DC5-9767-7F1CE758768E}.Release|Any CPU.ActiveCfg = Release|Any CPU
		{F4E79253-134A-4DC5-9767-7F1CE758768E}.Release|Any CPU.Build.0 = Release|Any CPU
		{FB902CC0-DB0B-4ECA-897A-2A342418A12E}.Debug|Any CPU.ActiveCfg = Debug|Any CPU
		{FB902CC0-DB0B-4ECA-897A-2A342418A12E}.Debug|Any CPU.Build.0 = Debug|Any CPU
		{FB902CC0-DB0B-4ECA-897A-2A342418A12E}.Release|Any CPU.ActiveCfg = Release|Any CPU
		{C92EDD73-52BC-402F-8715-D544C3436D2E}.Debug|Any CPU.ActiveCfg = Debug|Any CPU
		{C92EDD73-52BC-402F-8715-D544C3436D2E}.Debug|Any CPU.Build.0 = Debug|Any CPU
		{C92EDD73-52BC-402F-8715-D544C3436D2E}.Release|Any CPU.ActiveCfg = Release|Any CPU
		{7632ADAD-D3C7-4642-933D-0AF42EBFD310}.Debug|Any CPU.ActiveCfg = Debug|Any CPU
		{7632ADAD-D3C7-4642-933D-0AF42EBFD310}.Debug|Any CPU.Build.0 = Debug|Any CPU
		{7632ADAD-D3C7-4642-933D-0AF42EBFD310}.Release|Any CPU.ActiveCfg = Release|Any CPU
		{7632ADAD-D3C7-4642-933D-0AF42EBFD310}.Release|Any CPU.Build.0 = Release|Any CPU
		{34FD11AA-CB3C-426E-9E73-5A2C3532845A}.Debug|Any CPU.ActiveCfg = Debug|Any CPU
		{34FD11AA-CB3C-426E-9E73-5A2C3532845A}.Debug|Any CPU.Build.0 = Debug|Any CPU
		{34FD11AA-CB3C-426E-9E73-5A2C3532845A}.Release|Any CPU.ActiveCfg = Release|Any CPU
		{34FD11AA-CB3C-426E-9E73-5A2C3532845A}.Release|Any CPU.Build.0 = Release|Any CPU
	EndGlobalSection
	GlobalSection(SolutionProperties) = preSolution
		HideSolutionNode = FALSE
	EndGlobalSection
	GlobalSection(ExtensibilityGlobals) = postSolution
		SolutionGuid = {1F423B37-3AC0-45E3-A9C7-5546B1F02B9C}
	EndGlobalSection
EndGlobal
